
Microsoft Visual Studio Solution File, Format Version 12.00
# Visual Studio Version 17
VisualStudioVersion = 17.5.33414.496
MinimumVisualStudioVersion = 10.0.40219.1
Project("{9A19103F-16F7-4668-BE54-9A1E7A4F7556}") = "GA6_ControlApp", "GA6_ControlApp\GA6_ControlApp.csproj", "{907908FA-FA4E-49CD-843F-FD864060CFAF}"
EndProject
Project("{FAE04EC0-301F-11D3-BF4B-00C04F79EFBC}") = "DL_Common", "DL_Common\DL_Common.csproj", "{408FBC43-AA65-4698-B977-78AD0DF00358}"
EndProject
Project("{FAE04EC0-301F-11D3-BF4B-00C04F79EFBC}") = "DL_Logger", "DL_Logger\DL_Logger.csproj", "{02F6E823-A0B2-4C04-9347-7FED39140941}"
EndProject
Project("{9A19103F-16F7-4668-BE54-9A1E7A4F7556}") = "PLC", "PLC\PLC.csproj", "{1FE95291-B45A-4E12-9CED-C3BF10A230DD}"
EndProject
Project("{9A19103F-16F7-4668-BE54-9A1E7A4F7556}") = "SystemConfig", "SystemConfig\SystemConfig.csproj", "{A8FAE736-8461-402A-902A-3BEAB7EA393E}"
EndProject
Project("{9A19103F-16F7-4668-BE54-9A1E7A4F7556}") = "Camera", "Camera\Camera.csproj", "{B24E09AE-1E8F-4D7F-BDD7-1E34B065DA56}"
EndProject
Project("{FAE04EC0-301F-11D3-BF4B-00C04F79EFBC}") = "DL_Socket", "DL_SocketLibrary\DL_Socket.csproj", "{E6F7AB5E-318F-46B8-BB90-A0F35D6C7555}"
EndProject
Project("{FAE04EC0-301F-11D3-BF4B-00C04F79EFBC}") = "ErrorCode", "ErrorCode\ErrorCode.csproj", "{675ECF34-A3A2-4F12-88C9-819E1E1C9955}"
EndProject
Project("{FAE04EC0-301F-11D3-BF4B-00C04F79EFBC}") = "DL_PlcInterfce", "DL_PlcInterfce\DL_PlcInterfce.csproj", "{212FE8C5-69A5-468F-8530-7A63D67EA530}"
EndProject
Project("{9A19103F-16F7-4668-BE54-9A1E7A4F7556}") = "Simulator", "Simulator\Simulator.csproj", "{6C6FA063-E97A-4CE9-AC2F-B61EEBD31CD4}"
EndProject
Project("{FAE04EC0-301F-11D3-BF4B-00C04F79EFBC}") = "ShareResource", "ShareResource\ShareResource.csproj", "{B60632DD-F454-4C71-8567-39A25CDA580C}"
EndProject
Global
	GlobalSection(SolutionConfigurationPlatforms) = preSolution
		Debug|Any CPU = Debug|Any CPU
		Debug|x64 = Debug|x64
		Debug|x86 = Debug|x86
		Release|Any CPU = Release|Any CPU
		Release|x64 = Release|x64
		Release|x86 = Release|x86
		Remote|Any CPU = Remote|Any CPU
		Remote|x64 = Remote|x64
		Remote|x86 = Remote|x86
		RemoteDBG|Any CPU = RemoteDBG|Any CPU
		RemoteDBG|x64 = RemoteDBG|x64
		RemoteDBG|x86 = RemoteDBG|x86
	EndGlobalSection
	GlobalSection(ProjectConfigurationPlatforms) = postSolution
		{907908FA-FA4E-49CD-843F-FD864060CFAF}.Debug|Any CPU.ActiveCfg = Debug|Any CPU
		{907908FA-FA4E-49CD-843F-FD864060CFAF}.Debug|Any CPU.Build.0 = Debug|Any CPU
		{907908FA-FA4E-49CD-843F-FD864060CFAF}.Debug|x64.ActiveCfg = Debug|Any CPU
		{907908FA-FA4E-49CD-843F-FD864060CFAF}.Debug|x64.Build.0 = Debug|Any CPU
		{907908FA-FA4E-49CD-843F-FD864060CFAF}.Debug|x86.ActiveCfg = Debug|Any CPU
		{907908FA-FA4E-49CD-843F-FD864060CFAF}.Debug|x86.Build.0 = Debug|Any CPU
		{907908FA-FA4E-49CD-843F-FD864060CFAF}.Release|Any CPU.ActiveCfg = Release|Any CPU
		{907908FA-FA4E-49CD-843F-FD864060CFAF}.Release|Any CPU.Build.0 = Release|Any CPU
		{907908FA-FA4E-49CD-843F-FD864060CFAF}.Release|x64.ActiveCfg = Release|Any CPU
		{907908FA-FA4E-49CD-843F-FD864060CFAF}.Release|x64.Build.0 = Release|Any CPU
		{907908FA-FA4E-49CD-843F-FD864060CFAF}.Release|x86.ActiveCfg = Release|Any CPU
		{907908FA-FA4E-49CD-843F-FD864060CFAF}.Release|x86.Build.0 = Release|Any CPU
		{907908FA-FA4E-49CD-843F-FD864060CFAF}.Remote|Any CPU.ActiveCfg = Release|Any CPU
		{907908FA-FA4E-49CD-843F-FD864060CFAF}.Remote|Any CPU.Build.0 = Release|Any CPU
		{907908FA-FA4E-49CD-843F-FD864060CFAF}.Remote|x64.ActiveCfg = Release|Any CPU
		{907908FA-FA4E-49CD-843F-FD864060CFAF}.Remote|x64.Build.0 = Release|Any CPU
		{907908FA-FA4E-49CD-843F-FD864060CFAF}.Remote|x86.ActiveCfg = Release|Any CPU
		{907908FA-FA4E-49CD-843F-FD864060CFAF}.Remote|x86.Build.0 = Release|Any CPU
		{907908FA-FA4E-49CD-843F-FD864060CFAF}.RemoteDBG|Any CPU.ActiveCfg = Release|Any CPU
		{907908FA-FA4E-49CD-843F-FD864060CFAF}.RemoteDBG|Any CPU.Build.0 = Release|Any CPU
		{907908FA-FA4E-49CD-843F-FD864060CFAF}.RemoteDBG|x64.ActiveCfg = Release|Any CPU
		{907908FA-FA4E-49CD-843F-FD864060CFAF}.RemoteDBG|x64.Build.0 = Release|Any CPU
		{907908FA-FA4E-49CD-843F-FD864060CFAF}.RemoteDBG|x86.ActiveCfg = Release|Any CPU
		{907908FA-FA4E-49CD-843F-FD864060CFAF}.RemoteDBG|x86.Build.0 = Release|Any CPU
		{408FBC43-AA65-4698-B977-78AD0DF00358}.Debug|Any CPU.ActiveCfg = Debug|Any CPU
		{408FBC43-AA65-4698-B977-78AD0DF00358}.Debug|Any CPU.Build.0 = Debug|Any CPU
		{408FBC43-AA65-4698-B977-78AD0DF00358}.Debug|x64.ActiveCfg = Debug|x64
		{408FBC43-AA65-4698-B977-78AD0DF00358}.Debug|x64.Build.0 = Debug|x64
		{408FBC43-AA65-4698-B977-78AD0DF00358}.Debug|x86.ActiveCfg = Debug|x86
		{408FBC43-AA65-4698-B977-78AD0DF00358}.Debug|x86.Build.0 = Debug|x86
		{408FBC43-AA65-4698-B977-78AD0DF00358}.Release|Any CPU.ActiveCfg = Release|Any CPU
		{408FBC43-AA65-4698-B977-78AD0DF00358}.Release|Any CPU.Build.0 = Release|Any CPU
		{408FBC43-AA65-4698-B977-78AD0DF00358}.Release|x64.ActiveCfg = Release|x64
		{408FBC43-AA65-4698-B977-78AD0DF00358}.Release|x64.Build.0 = Release|x64
		{408FBC43-AA65-4698-B977-78AD0DF00358}.Release|x86.ActiveCfg = Release|x86
		{408FBC43-AA65-4698-B977-78AD0DF00358}.Release|x86.Build.0 = Release|x86
		{408FBC43-AA65-4698-B977-78AD0DF00358}.Remote|Any CPU.ActiveCfg = Remote|Any CPU
		{408FBC43-AA65-4698-B977-78AD0DF00358}.Remote|Any CPU.Build.0 = Remote|Any CPU
		{408FBC43-AA65-4698-B977-78AD0DF00358}.Remote|x64.ActiveCfg = Remote|x64
		{408FBC43-AA65-4698-B977-78AD0DF00358}.Remote|x64.Build.0 = Remote|x64
		{408FBC43-AA65-4698-B977-78AD0DF00358}.Remote|x86.ActiveCfg = Remote|x86
		{408FBC43-AA65-4698-B977-78AD0DF00358}.Remote|x86.Build.0 = Remote|x86
		{408FBC43-AA65-4698-B977-78AD0DF00358}.RemoteDBG|Any CPU.ActiveCfg = RemoteDBG|Any CPU
		{408FBC43-AA65-4698-B977-78AD0DF00358}.RemoteDBG|Any CPU.Build.0 = RemoteDBG|Any CPU
		{408FBC43-AA65-4698-B977-78AD0DF00358}.RemoteDBG|x64.ActiveCfg = RemoteDBG|x64
		{408FBC43-AA65-4698-B977-78AD0DF00358}.RemoteDBG|x64.Build.0 = RemoteDBG|x64
		{408FBC43-AA65-4698-B977-78AD0DF00358}.RemoteDBG|x86.ActiveCfg = RemoteDBG|x86
		{408FBC43-AA65-4698-B977-78AD0DF00358}.RemoteDBG|x86.Build.0 = RemoteDBG|x86
		{02F6E823-A0B2-4C04-9347-7FED39140941}.Debug|Any CPU.ActiveCfg = Debug|Any CPU
		{02F6E823-A0B2-4C04-9347-7FED39140941}.Debug|Any CPU.Build.0 = Debug|Any CPU
		{02F6E823-A0B2-4C04-9347-7FED39140941}.Debug|x64.ActiveCfg = Debug|Any CPU
		{02F6E823-A0B2-4C04-9347-7FED39140941}.Debug|x64.Build.0 = Debug|Any CPU
		{02F6E823-A0B2-4C04-9347-7FED39140941}.Debug|x86.ActiveCfg = Debug|Any CPU
		{02F6E823-A0B2-4C04-9347-7FED39140941}.Debug|x86.Build.0 = Debug|Any CPU
		{02F6E823-A0B2-4C04-9347-7FED39140941}.Release|Any CPU.ActiveCfg = Release|Any CPU
		{02F6E823-A0B2-4C04-9347-7FED39140941}.Release|Any CPU.Build.0 = Release|Any CPU
		{02F6E823-A0B2-4C04-9347-7FED39140941}.Release|x64.ActiveCfg = Release|Any CPU
		{02F6E823-A0B2-4C04-9347-7FED39140941}.Release|x64.Build.0 = Release|Any CPU
		{02F6E823-A0B2-4C04-9347-7FED39140941}.Release|x86.ActiveCfg = Release|Any CPU
		{02F6E823-A0B2-4C04-9347-7FED39140941}.Release|x86.Build.0 = Release|Any CPU
		{02F6E823-A0B2-4C04-9347-7FED39140941}.Remote|Any CPU.ActiveCfg = Release|Any CPU
		{02F6E823-A0B2-4C04-9347-7FED39140941}.Remote|Any CPU.Build.0 = Release|Any CPU
		{02F6E823-A0B2-4C04-9347-7FED39140941}.Remote|x64.ActiveCfg = Release|Any CPU
		{02F6E823-A0B2-4C04-9347-7FED39140941}.Remote|x64.Build.0 = Release|Any CPU
		{02F6E823-A0B2-4C04-9347-7FED39140941}.Remote|x86.ActiveCfg = Release|Any CPU
		{02F6E823-A0B2-4C04-9347-7FED39140941}.Remote|x86.Build.0 = Release|Any CPU
		{02F6E823-A0B2-4C04-9347-7FED39140941}.RemoteDBG|Any CPU.ActiveCfg = Release|Any CPU
		{02F6E823-A0B2-4C04-9347-7FED39140941}.RemoteDBG|Any CPU.Build.0 = Release|Any CPU
		{02F6E823-A0B2-4C04-9347-7FED39140941}.RemoteDBG|x64.ActiveCfg = Release|Any CPU
		{02F6E823-A0B2-4C04-9347-7FED39140941}.RemoteDBG|x64.Build.0 = Release|Any CPU
		{02F6E823-A0B2-4C04-9347-7FED39140941}.RemoteDBG|x86.ActiveCfg = Release|Any CPU
		{02F6E823-A0B2-4C04-9347-7FED39140941}.RemoteDBG|x86.Build.0 = Release|Any CPU
		{1FE95291-B45A-4E12-9CED-C3BF10A230DD}.Debug|Any CPU.ActiveCfg = Debug|Any CPU
		{1FE95291-B45A-4E12-9CED-C3BF10A230DD}.Debug|Any CPU.Build.0 = Debug|Any CPU
		{1FE95291-B45A-4E12-9CED-C3BF10A230DD}.Debug|x64.ActiveCfg = Debug|Any CPU
		{1FE95291-B45A-4E12-9CED-C3BF10A230DD}.Debug|x64.Build.0 = Debug|Any CPU
		{1FE95291-B45A-4E12-9CED-C3BF10A230DD}.Debug|x86.ActiveCfg = Debug|Any CPU
		{1FE95291-B45A-4E12-9CED-C3BF10A230DD}.Debug|x86.Build.0 = Debug|Any CPU
		{1FE95291-B45A-4E12-9CED-C3BF10A230DD}.Release|Any CPU.ActiveCfg = Release|Any CPU
		{1FE95291-B45A-4E12-9CED-C3BF10A230DD}.Release|Any CPU.Build.0 = Release|Any CPU
		{1FE95291-B45A-4E12-9CED-C3BF10A230DD}.Release|x64.ActiveCfg = Release|Any CPU
		{1FE95291-B45A-4E12-9CED-C3BF10A230DD}.Release|x64.Build.0 = Release|Any CPU
		{1FE95291-B45A-4E12-9CED-C3BF10A230DD}.Release|x86.ActiveCfg = Release|Any CPU
		{1FE95291-B45A-4E12-9CED-C3BF10A230DD}.Release|x86.Build.0 = Release|Any CPU
		{1FE95291-B45A-4E12-9CED-C3BF10A230DD}.Remote|Any CPU.ActiveCfg = Release|Any CPU
		{1FE95291-B45A-4E12-9CED-C3BF10A230DD}.Remote|Any CPU.Build.0 = Release|Any CPU
		{1FE95291-B45A-4E12-9CED-C3BF10A230DD}.Remote|x64.ActiveCfg = Release|Any CPU
		{1FE95291-B45A-4E12-9CED-C3BF10A230DD}.Remote|x64.Build.0 = Release|Any CPU
		{1FE95291-B45A-4E12-9CED-C3BF10A230DD}.Remote|x86.ActiveCfg = Release|Any CPU
		{1FE95291-B45A-4E12-9CED-C3BF10A230DD}.Remote|x86.Build.0 = Release|Any CPU
		{1FE95291-B45A-4E12-9CED-C3BF10A230DD}.RemoteDBG|Any CPU.ActiveCfg = Release|Any CPU
		{1FE95291-B45A-4E12-9CED-C3BF10A230DD}.RemoteDBG|Any CPU.Build.0 = Release|Any CPU
		{1FE95291-B45A-4E12-9CED-C3BF10A230DD}.RemoteDBG|x64.ActiveCfg = Release|Any CPU
		{1FE95291-B45A-4E12-9CED-C3BF10A230DD}.RemoteDBG|x64.Build.0 = Release|Any CPU
		{1FE95291-B45A-4E12-9CED-C3BF10A230DD}.RemoteDBG|x86.ActiveCfg = Release|Any CPU
		{1FE95291-B45A-4E12-9CED-C3BF10A230DD}.RemoteDBG|x86.Build.0 = Release|Any CPU
		{A8FAE736-8461-402A-902A-3BEAB7EA393E}.Debug|Any CPU.ActiveCfg = Debug|Any CPU
		{A8FAE736-8461-402A-902A-3BEAB7EA393E}.Debug|Any CPU.Build.0 = Debug|Any CPU
		{A8FAE736-8461-402A-902A-3BEAB7EA393E}.Debug|x64.ActiveCfg = Debug|Any CPU
		{A8FAE736-8461-402A-902A-3BEAB7EA393E}.Debug|x64.Build.0 = Debug|Any CPU
		{A8FAE736-8461-402A-902A-3BEAB7EA393E}.Debug|x86.ActiveCfg = Debug|Any CPU
		{A8FAE736-8461-402A-902A-3BEAB7EA393E}.Debug|x86.Build.0 = Debug|Any CPU
		{A8FAE736-8461-402A-902A-3BEAB7EA393E}.Release|Any CPU.ActiveCfg = Release|Any CPU
		{A8FAE736-8461-402A-902A-3BEAB7EA393E}.Release|Any CPU.Build.0 = Release|Any CPU
		{A8FAE736-8461-402A-902A-3BEAB7EA393E}.Release|x64.ActiveCfg = Release|Any CPU
		{A8FAE736-8461-402A-902A-3BEAB7EA393E}.Release|x64.Build.0 = Release|Any CPU
		{A8FAE736-8461-402A-902A-3BEAB7EA393E}.Release|x86.ActiveCfg = Release|Any CPU
		{A8FAE736-8461-402A-902A-3BEAB7EA393E}.Release|x86.Build.0 = Release|Any CPU
		{A8FAE736-8461-402A-902A-3BEAB7EA393E}.Remote|Any CPU.ActiveCfg = Release|Any CPU
		{A8FAE736-8461-402A-902A-3BEAB7EA393E}.Remote|Any CPU.Build.0 = Release|Any CPU
		{A8FAE736-8461-402A-902A-3BEAB7EA393E}.Remote|x64.ActiveCfg = Release|Any CPU
		{A8FAE736-8461-402A-902A-3BEAB7EA393E}.Remote|x64.Build.0 = Release|Any CPU
		{A8FAE736-8461-402A-902A-3BEAB7EA393E}.Remote|x86.ActiveCfg = Release|Any CPU
		{A8FAE736-8461-402A-902A-3BEAB7EA393E}.Remote|x86.Build.0 = Release|Any CPU
		{A8FAE736-8461-402A-902A-3BEAB7EA393E}.RemoteDBG|Any CPU.ActiveCfg = Release|Any CPU
		{A8FAE736-8461-402A-902A-3BEAB7EA393E}.RemoteDBG|Any CPU.Build.0 = Release|Any CPU
		{A8FAE736-8461-402A-902A-3BEAB7EA393E}.RemoteDBG|x64.ActiveCfg = Release|Any CPU
		{A8FAE736-8461-402A-902A-3BEAB7EA393E}.RemoteDBG|x64.Build.0 = Release|Any CPU
		{A8FAE736-8461-402A-902A-3BEAB7EA393E}.RemoteDBG|x86.ActiveCfg = Release|Any CPU
		{A8FAE736-8461-402A-902A-3BEAB7EA393E}.RemoteDBG|x86.Build.0 = Release|Any CPU
		{B24E09AE-1E8F-4D7F-BDD7-1E34B065DA56}.Debug|Any CPU.ActiveCfg = Debug|Any CPU
		{B24E09AE-1E8F-4D7F-BDD7-1E34B065DA56}.Debug|Any CPU.Build.0 = Debug|Any CPU
		{B24E09AE-1E8F-4D7F-BDD7-1E34B065DA56}.Debug|x64.ActiveCfg = Debug|Any CPU
		{B24E09AE-1E8F-4D7F-BDD7-1E34B065DA56}.Debug|x64.Build.0 = Debug|Any CPU
		{B24E09AE-1E8F-4D7F-BDD7-1E34B065DA56}.Debug|x86.ActiveCfg = Debug|Any CPU
		{B24E09AE-1E8F-4D7F-BDD7-1E34B065DA56}.Debug|x86.Build.0 = Debug|Any CPU
		{B24E09AE-1E8F-4D7F-BDD7-1E34B065DA56}.Release|Any CPU.ActiveCfg = Release|Any CPU
		{B24E09AE-1E8F-4D7F-BDD7-1E34B065DA56}.Release|Any CPU.Build.0 = Release|Any CPU
		{B24E09AE-1E8F-4D7F-BDD7-1E34B065DA56}.Release|x64.ActiveCfg = Release|Any CPU
		{B24E09AE-1E8F-4D7F-BDD7-1E34B065DA56}.Release|x64.Build.0 = Release|Any CPU
		{B24E09AE-1E8F-4D7F-BDD7-1E34B065DA56}.Release|x86.ActiveCfg = Release|Any CPU
		{B24E09AE-1E8F-4D7F-BDD7-1E34B065DA56}.Release|x86.Build.0 = Release|Any CPU
		{B24E09AE-1E8F-4D7F-BDD7-1E34B065DA56}.Remote|Any CPU.ActiveCfg = Release|Any CPU
		{B24E09AE-1E8F-4D7F-BDD7-1E34B065DA56}.Remote|Any CPU.Build.0 = Release|Any CPU
		{B24E09AE-1E8F-4D7F-BDD7-1E34B065DA56}.Remote|x64.ActiveCfg = Release|Any CPU
		{B24E09AE-1E8F-4D7F-BDD7-1E34B065DA56}.Remote|x64.Build.0 = Release|Any CPU
		{B24E09AE-1E8F-4D7F-BDD7-1E34B065DA56}.Remote|x86.ActiveCfg = Release|Any CPU
		{B24E09AE-1E8F-4D7F-BDD7-1E34B065DA56}.Remote|x86.Build.0 = Release|Any CPU
		{B24E09AE-1E8F-4D7F-BDD7-1E34B065DA56}.RemoteDBG|Any CPU.ActiveCfg = Release|Any CPU
		{B24E09AE-1E8F-4D7F-BDD7-1E34B065DA56}.RemoteDBG|Any CPU.Build.0 = Release|Any CPU
		{B24E09AE-1E8F-4D7F-BDD7-1E34B065DA56}.RemoteDBG|x64.ActiveCfg = Release|Any CPU
		{B24E09AE-1E8F-4D7F-BDD7-1E34B065DA56}.RemoteDBG|x64.Build.0 = Release|Any CPU
		{B24E09AE-1E8F-4D7F-BDD7-1E34B065DA56}.RemoteDBG|x86.ActiveCfg = Release|Any CPU
		{B24E09AE-1E8F-4D7F-BDD7-1E34B065DA56}.RemoteDBG|x86.Build.0 = Release|Any CPU
		{E6F7AB5E-318F-46B8-BB90-A0F35D6C7555}.Debug|Any CPU.ActiveCfg = Debug|Any CPU
		{E6F7AB5E-318F-46B8-BB90-A0F35D6C7555}.Debug|Any CPU.Build.0 = Debug|Any CPU
		{E6F7AB5E-318F-46B8-BB90-A0F35D6C7555}.Debug|x64.ActiveCfg = Debug|Any CPU
		{E6F7AB5E-318F-46B8-BB90-A0F35D6C7555}.Debug|x64.Build.0 = Debug|Any CPU
		{E6F7AB5E-318F-46B8-BB90-A0F35D6C7555}.Debug|x86.ActiveCfg = Debug|Any CPU
		{E6F7AB5E-318F-46B8-BB90-A0F35D6C7555}.Debug|x86.Build.0 = Debug|Any CPU
		{E6F7AB5E-318F-46B8-BB90-A0F35D6C7555}.Release|Any CPU.ActiveCfg = Release|Any CPU
		{E6F7AB5E-318F-46B8-BB90-A0F35D6C7555}.Release|Any CPU.Build.0 = Release|Any CPU
		{E6F7AB5E-318F-46B8-BB90-A0F35D6C7555}.Release|x64.ActiveCfg = Release|Any CPU
		{E6F7AB5E-318F-46B8-BB90-A0F35D6C7555}.Release|x64.Build.0 = Release|Any CPU
		{E6F7AB5E-318F-46B8-BB90-A0F35D6C7555}.Release|x86.ActiveCfg = Release|Any CPU
		{E6F7AB5E-318F-46B8-BB90-A0F35D6C7555}.Release|x86.Build.0 = Release|Any CPU
		{E6F7AB5E-318F-46B8-BB90-A0F35D6C7555}.Remote|Any CPU.ActiveCfg = Remote|Any CPU
		{E6F7AB5E-318F-46B8-BB90-A0F35D6C7555}.Remote|Any CPU.Build.0 = Remote|Any CPU
		{E6F7AB5E-318F-46B8-BB90-A0F35D6C7555}.Remote|x64.ActiveCfg = Remote|Any CPU
		{E6F7AB5E-318F-46B8-BB90-A0F35D6C7555}.Remote|x64.Build.0 = Remote|Any CPU
		{E6F7AB5E-318F-46B8-BB90-A0F35D6C7555}.Remote|x86.ActiveCfg = Remote|Any CPU
		{E6F7AB5E-318F-46B8-BB90-A0F35D6C7555}.Remote|x86.Build.0 = Remote|Any CPU
		{E6F7AB5E-318F-46B8-BB90-A0F35D6C7555}.RemoteDBG|Any CPU.ActiveCfg = RemoteDBG|Any CPU
		{E6F7AB5E-318F-46B8-BB90-A0F35D6C7555}.RemoteDBG|Any CPU.Build.0 = RemoteDBG|Any CPU
		{E6F7AB5E-318F-46B8-BB90-A0F35D6C7555}.RemoteDBG|x64.ActiveCfg = RemoteDBG|Any CPU
		{E6F7AB5E-318F-46B8-BB90-A0F35D6C7555}.RemoteDBG|x64.Build.0 = RemoteDBG|Any CPU
		{E6F7AB5E-318F-46B8-BB90-A0F35D6C7555}.RemoteDBG|x86.ActiveCfg = RemoteDBG|Any CPU
		{E6F7AB5E-318F-46B8-BB90-A0F35D6C7555}.RemoteDBG|x86.Build.0 = RemoteDBG|Any CPU
		{675ECF34-A3A2-4F12-88C9-819E1E1C9955}.Debug|Any CPU.ActiveCfg = Debug|Any CPU
		{675ECF34-A3A2-4F12-88C9-819E1E1C9955}.Debug|Any CPU.Build.0 = Debug|Any CPU
		{675ECF34-A3A2-4F12-88C9-819E1E1C9955}.Debug|x64.ActiveCfg = Debug|Any CPU
		{675ECF34-A3A2-4F12-88C9-819E1E1C9955}.Debug|x64.Build.0 = Debug|Any CPU
		{675ECF34-A3A2-4F12-88C9-819E1E1C9955}.Debug|x86.ActiveCfg = Debug|Any CPU
		{675ECF34-A3A2-4F12-88C9-819E1E1C9955}.Debug|x86.Build.0 = Debug|Any CPU
		{675ECF34-A3A2-4F12-88C9-819E1E1C9955}.Release|Any CPU.ActiveCfg = Release|Any CPU
		{675ECF34-A3A2-4F12-88C9-819E1E1C9955}.Release|Any CPU.Build.0 = Release|Any CPU
		{675ECF34-A3A2-4F12-88C9-819E1E1C9955}.Release|x64.ActiveCfg = Release|Any CPU
		{675ECF34-A3A2-4F12-88C9-819E1E1C9955}.Release|x64.Build.0 = Release|Any CPU
		{675ECF34-A3A2-4F12-88C9-819E1E1C9955}.Release|x86.ActiveCfg = Release|Any CPU
		{675ECF34-A3A2-4F12-88C9-819E1E1C9955}.Release|x86.Build.0 = Release|Any CPU
		{675ECF34-A3A2-4F12-88C9-819E1E1C9955}.Remote|Any CPU.ActiveCfg = Remote|Any CPU
		{675ECF34-A3A2-4F12-88C9-819E1E1C9955}.Remote|Any CPU.Build.0 = Remote|Any CPU
		{675ECF34-A3A2-4F12-88C9-819E1E1C9955}.Remote|x64.ActiveCfg = Remote|Any CPU
		{675ECF34-A3A2-4F12-88C9-819E1E1C9955}.Remote|x64.Build.0 = Remote|Any CPU
		{675ECF34-A3A2-4F12-88C9-819E1E1C9955}.Remote|x86.ActiveCfg = Remote|Any CPU
		{675ECF34-A3A2-4F12-88C9-819E1E1C9955}.Remote|x86.Build.0 = Remote|Any CPU
		{675ECF34-A3A2-4F12-88C9-819E1E1C9955}.RemoteDBG|Any CPU.ActiveCfg = Release|Any CPU
		{675ECF34-A3A2-4F12-88C9-819E1E1C9955}.RemoteDBG|Any CPU.Build.0 = Release|Any CPU
		{675ECF34-A3A2-4F12-88C9-819E1E1C9955}.RemoteDBG|x64.ActiveCfg = Release|Any CPU
		{675ECF34-A3A2-4F12-88C9-819E1E1C9955}.RemoteDBG|x64.Build.0 = Release|Any CPU
		{675ECF34-A3A2-4F12-88C9-819E1E1C9955}.RemoteDBG|x86.ActiveCfg = Release|Any CPU
		{675ECF34-A3A2-4F12-88C9-819E1E1C9955}.RemoteDBG|x86.Build.0 = Release|Any CPU
		{212FE8C5-69A5-468F-8530-7A63D67EA530}.Debug|Any CPU.ActiveCfg = Debug|Any CPU
		{212FE8C5-69A5-468F-8530-7A63D67EA530}.Debug|Any CPU.Build.0 = Debug|Any CPU
		{212FE8C5-69A5-468F-8530-7A63D67EA530}.Debug|x64.ActiveCfg = Debug|Any CPU
		{212FE8C5-69A5-468F-8530-7A63D67EA530}.Debug|x64.Build.0 = Debug|Any CPU
		{212FE8C5-69A5-468F-8530-7A63D67EA530}.Debug|x86.ActiveCfg = Debug|Any CPU
		{212FE8C5-69A5-468F-8530-7A63D67EA530}.Debug|x86.Build.0 = Debug|Any CPU
		{212FE8C5-69A5-468F-8530-7A63D67EA530}.Release|Any CPU.ActiveCfg = Release|Any CPU
		{212FE8C5-69A5-468F-8530-7A63D67EA530}.Release|Any CPU.Build.0 = Release|Any CPU
		{212FE8C5-69A5-468F-8530-7A63D67EA530}.Release|x64.ActiveCfg = Release|Any CPU
		{212FE8C5-69A5-468F-8530-7A63D67EA530}.Release|x64.Build.0 = Release|Any CPU
		{212FE8C5-69A5-468F-8530-7A63D67EA530}.Release|x86.ActiveCfg = Release|Any CPU
		{212FE8C5-69A5-468F-8530-7A63D67EA530}.Release|x86.Build.0 = Release|Any CPU
		{212FE8C5-69A5-468F-8530-7A63D67EA530}.Remote|Any CPU.ActiveCfg = Remote|Any CPU
		{212FE8C5-69A5-468F-8530-7A63D67EA530}.Remote|Any CPU.Build.0 = Remote|Any CPU
		{212FE8C5-69A5-468F-8530-7A63D67EA530}.Remote|x64.ActiveCfg = Remote|Any CPU
		{212FE8C5-69A5-468F-8530-7A63D67EA530}.Remote|x64.Build.0 = Remote|Any CPU
		{212FE8C5-69A5-468F-8530-7A63D67EA530}.Remote|x86.ActiveCfg = Remote|Any CPU
		{212FE8C5-69A5-468F-8530-7A63D67EA530}.Remote|x86.Build.0 = Remote|Any CPU
		{212FE8C5-69A5-468F-8530-7A63D67EA530}.RemoteDBG|Any CPU.ActiveCfg = Release|Any CPU
		{212FE8C5-69A5-468F-8530-7A63D67EA530}.RemoteDBG|Any CPU.Build.0 = Release|Any CPU
		{212FE8C5-69A5-468F-8530-7A63D67EA530}.RemoteDBG|x64.ActiveCfg = Release|Any CPU
		{212FE8C5-69A5-468F-8530-7A63D67EA530}.RemoteDBG|x64.Build.0 = Release|Any CPU
		{212FE8C5-69A5-468F-8530-7A63D67EA530}.RemoteDBG|x86.ActiveCfg = Release|Any CPU
		{212FE8C5-69A5-468F-8530-7A63D67EA530}.RemoteDBG|x86.Build.0 = Release|Any CPU
		{6C6FA063-E97A-4CE9-AC2F-B61EEBD31CD4}.Debug|Any CPU.ActiveCfg = Debug|Any CPU
		{6C6FA063-E97A-4CE9-AC2F-B61EEBD31CD4}.Debug|Any CPU.Build.0 = Debug|Any CPU
		{6C6FA063-E97A-4CE9-AC2F-B61EEBD31CD4}.Debug|x64.ActiveCfg = Debug|Any CPU
		{6C6FA063-E97A-4CE9-AC2F-B61EEBD31CD4}.Debug|x64.Build.0 = Debug|Any CPU
		{6C6FA063-E97A-4CE9-AC2F-B61EEBD31CD4}.Debug|x86.ActiveCfg = Debug|Any CPU
		{6C6FA063-E97A-4CE9-AC2F-B61EEBD31CD4}.Debug|x86.Build.0 = Debug|Any CPU
		{6C6FA063-E97A-4CE9-AC2F-B61EEBD31CD4}.Release|Any CPU.ActiveCfg = Release|Any CPU
		{6C6FA063-E97A-4CE9-AC2F-B61EEBD31CD4}.Release|Any CPU.Build.0 = Release|Any CPU
		{6C6FA063-E97A-4CE9-AC2F-B61EEBD31CD4}.Release|x64.ActiveCfg = Release|Any CPU
		{6C6FA063-E97A-4CE9-AC2F-B61EEBD31CD4}.Release|x64.Build.0 = Release|Any CPU
		{6C6FA063-E97A-4CE9-AC2F-B61EEBD31CD4}.Release|x86.ActiveCfg = Release|Any CPU
		{6C6FA063-E97A-4CE9-AC2F-B61EEBD31CD4}.Release|x86.Build.0 = Release|Any CPU
		{6C6FA063-E97A-4CE9-AC2F-B61EEBD31CD4}.Remote|Any CPU.ActiveCfg = Release|Any CPU
		{6C6FA063-E97A-4CE9-AC2F-B61EEBD31CD4}.Remote|Any CPU.Build.0 = Release|Any CPU
		{6C6FA063-E97A-4CE9-AC2F-B61EEBD31CD4}.Remote|x64.ActiveCfg = Release|Any CPU
		{6C6FA063-E97A-4CE9-AC2F-B61EEBD31CD4}.Remote|x64.Build.0 = Release|Any CPU
		{6C6FA063-E97A-4CE9-AC2F-B61EEBD31CD4}.Remote|x86.ActiveCfg = Release|Any CPU
		{6C6FA063-E97A-4CE9-AC2F-B61EEBD31CD4}.Remote|x86.Build.0 = Release|Any CPU
		{6C6FA063-E97A-4CE9-AC2F-B61EEBD31CD4}.RemoteDBG|Any CPU.ActiveCfg = Release|Any CPU
		{6C6FA063-E97A-4CE9-AC2F-B61EEBD31CD4}.RemoteDBG|Any CPU.Build.0 = Release|Any CPU
		{6C6FA063-E97A-4CE9-AC2F-B61EEBD31CD4}.RemoteDBG|x64.ActiveCfg = Release|Any CPU
		{6C6FA063-E97A-4CE9-AC2F-B61EEBD31CD4}.RemoteDBG|x64.Build.0 = Release|Any CPU
		{6C6FA063-E97A-4CE9-AC2F-B61EEBD31CD4}.RemoteDBG|x86.ActiveCfg = Release|Any CPU
		{6C6FA063-E97A-4CE9-AC2F-B61EEBD31CD4}.RemoteDBG|x86.Build.0 = Release|Any CPU
		{B60632DD-F454-4C71-8567-39A25CDA580C}.Debug|Any CPU.ActiveCfg = Debug|Any CPU
		{B60632DD-F454-4C71-8567-39A25CDA580C}.Debug|Any CPU.Build.0 = Debug|Any CPU
		{B60632DD-F454-4C71-8567-39A25CDA580C}.Debug|x64.ActiveCfg = Debug|Any CPU
		{B60632DD-F454-4C71-8567-39A25CDA580C}.Debug|x64.Build.0 = Debug|Any CPU
		{B60632DD-F454-4C71-8567-39A25CDA580C}.Debug|x86.ActiveCfg = Debug|Any CPU
		{B60632DD-F454-4C71-8567-39A25CDA580C}.Debug|x86.Build.0 = Debug|Any CPU
		{B60632DD-F454-4C71-8567-39A25CDA580C}.Release|Any CPU.ActiveCfg = Release|Any CPU
		{B60632DD-F454-4C71-8567-39A25CDA580C}.Release|Any CPU.Build.0 = Release|Any CPU
		{B60632DD-F454-4C71-8567-39A25CDA580C}.Release|x64.ActiveCfg = Release|Any CPU
		{B60632DD-F454-4C71-8567-39A25CDA580C}.Release|x64.Build.0 = Release|Any CPU
		{B60632DD-F454-4C71-8567-39A25CDA580C}.Release|x86.ActiveCfg = Release|Any CPU
		{B60632DD-F454-4C71-8567-39A25CDA580C}.Release|x86.Build.0 = Release|Any CPU
		{B60632DD-F454-4C71-8567-39A25CDA580C}.Remote|Any CPU.ActiveCfg = Release|Any CPU
		{B60632DD-F454-4C71-8567-39A25CDA580C}.Remote|Any CPU.Build.0 = Release|Any CPU
		{B60632DD-F454-4C71-8567-39A25CDA580C}.Remote|x64.ActiveCfg = Release|Any CPU
		{B60632DD-F454-4C71-8567-39A25CDA580C}.Remote|x64.Build.0 = Release|Any CPU
		{B60632DD-F454-4C71-8567-39A25CDA580C}.Remote|x86.ActiveCfg = Release|Any CPU
		{B60632DD-F454-4C71-8567-39A25CDA580C}.Remote|x86.Build.0 = Release|Any CPU
		{B60632DD-F454-4C71-8567-39A25CDA580C}.RemoteDBG|Any CPU.ActiveCfg = Release|Any CPU
		{B60632DD-F454-4C71-8567-39A25CDA580C}.RemoteDBG|Any CPU.Build.0 = Release|Any CPU
		{B60632DD-F454-4C71-8567-39A25CDA580C}.RemoteDBG|x64.ActiveCfg = Release|Any CPU
		{B60632DD-F454-4C71-8567-39A25CDA580C}.RemoteDBG|x64.Build.0 = Release|Any CPU
		{B60632DD-F454-4C71-8567-39A25CDA580C}.RemoteDBG|x86.ActiveCfg = Release|Any CPU
		{B60632DD-F454-4C71-8567-39A25CDA580C}.RemoteDBG|x86.Build.0 = Release|Any CPU
	EndGlobalSection
	GlobalSection(SolutionProperties) = preSolution
		HideSolutionNode = FALSE
	EndGlobalSection
	GlobalSection(ExtensibilityGlobals) = postSolution
		SolutionGuid = {37963FCE-B6F1-4B7E-914A-3014C97D34DF}
	EndGlobalSection
EndGlobal
